
Microsoft Visual Studio Solution File, Format Version 12.00
# Visual Studio Version 16
VisualStudioVersion = 16.0.29009.5
MinimumVisualStudioVersion = 10.0.40219.1
Project("{FAE04EC0-301F-11D3-BF4B-00C04F79EFBC}") = "NUnitTestProject1", "NUnitTestProject1\NUnitTestProject1.csproj", "{27209DF4-AEA1-48ED-9E20-C1C7FA56B833}"
EndProject
Global
	GlobalSection(SolutionConfigurationPlatforms) = preSolution
		Debug|Any CPU = Debug|Any CPU
		Release|Any CPU = Release|Any CPU
	EndGlobalSection
	GlobalSection(ProjectConfigurationPlatforms) = postSolution
		{27209DF4-AEA1-48ED-9E20-C1C7FA56B833}.Debug|Any CPU.ActiveCfg = Debug|Any CPU
		{27209DF4-AEA1-48ED-9E20-C1C7FA56B833}.Debug|Any CPU.Build.0 = Debug|Any CPU
		{27209DF4-AEA1-48ED-9E20-C1C7FA56B833}.Release|Any CPU.ActiveCfg = Release|Any CPU
		{27209DF4-AEA1-48ED-9E20-C1C7FA56B833}.Release|Any CPU.Build.0 = Release|Any CPU
	EndGlobalSection
	GlobalSection(SolutionProperties) = preSolution
		HideSolutionNode = FALSE
	EndGlobalSection
	GlobalSection(ExtensibilityGlobals) = postSolution
		SolutionGuid = {C390E417-2CFA-4474-A954-15EE48CD85D2}
	EndGlobalSection
EndGlobal
